
Microsoft Visual Studio Solution File, Format Version 12.00
# Visual Studio Version 16
VisualStudioVersion = 16.0.30413.136
MinimumVisualStudioVersion = 10.0.40219.1
Project("{FAE04EC0-301F-11D3-BF4B-00C04F79EFBC}") = "ApgerbiKautKas_AG", "ApgerbiKautKas_AG\ApgerbiKautKas_AG.csproj", "{7702992D-D0C3-4560-A962-0172D04854B1}"
EndProject
Global
	GlobalSection(SolutionConfigurationPlatforms) = preSolution
		Debug|Any CPU = Debug|Any CPU
		Release|Any CPU = Release|Any CPU
	EndGlobalSection
	GlobalSection(ProjectConfigurationPlatforms) = postSolution
		{7702992D-D0C3-4560-A962-0172D04854B1}.Debug|Any CPU.ActiveCfg = Debug|Any CPU
		{7702992D-D0C3-4560-A962-0172D04854B1}.Debug|Any CPU.Build.0 = Debug|Any CPU
		{7702992D-D0C3-4560-A962-0172D04854B1}.Release|Any CPU.ActiveCfg = Release|Any CPU
		{7702992D-D0C3-4560-A962-0172D04854B1}.Release|Any CPU.Build.0 = Release|Any CPU
	EndGlobalSection
	GlobalSection(SolutionProperties) = preSolution
		HideSolutionNode = FALSE
	EndGlobalSection
	GlobalSection(ExtensibilityGlobals) = postSolution
		SolutionGuid = {DB34F33F-E17A-48BC-BC14-867D4D6F9CDE}
	EndGlobalSection
EndGlobal
